
Microsoft Visual Studio Solution File, Format Version 12.00
# Visual Studio 15
VisualStudioVersion = 15.0.27130.2027
MinimumVisualStudioVersion = 10.0.40219.1
Project("{FAE04EC0-301F-11D3-BF4B-00C04F79EFBC}") = "WpfProjectTemplate", "WpfProjectTemplate\WpfProjectTemplate.csproj", "{40923796-484D-443C-9DE2-1966AC19E876}"
EndProject
Project("{FAE04EC0-301F-11D3-BF4B-00C04F79EFBC}") = "WpfProjectTemplate.BLL", "WpfProjectTemplate.BLL\WpfProjectTemplate.BLL.csproj", "{2DA7A107-C1B5-4EDE-8B2E-E9B4C6C6F252}"
EndProject
Project("{FAE04EC0-301F-11D3-BF4B-00C04F79EFBC}") = "WpfProjectTemplate.DAL", "WpfProjectTemplate.DAL\WpfProjectTemplate.DAL.csproj", "{FAF31CA7-6639-474F-B4BF-95276D5916C8}"
EndProject
Global
	GlobalSection(SolutionConfigurationPlatforms) = preSolution
		Debug|Any CPU = Debug|Any CPU
		Release|Any CPU = Release|Any CPU
	EndGlobalSection
	GlobalSection(ProjectConfigurationPlatforms) = postSolution
		{40923796-484D-443C-9DE2-1966AC19E876}.Debug|Any CPU.ActiveCfg = Debug|Any CPU
		{40923796-484D-443C-9DE2-1966AC19E876}.Debug|Any CPU.Build.0 = Debug|Any CPU
		{40923796-484D-443C-9DE2-1966AC19E876}.Release|Any CPU.ActiveCfg = Release|Any CPU
		{40923796-484D-443C-9DE2-1966AC19E876}.Release|Any CPU.Build.0 = Release|Any CPU
		{2DA7A107-C1B5-4EDE-8B2E-E9B4C6C6F252}.Debug|Any CPU.ActiveCfg = Debug|Any CPU
		{2DA7A107-C1B5-4EDE-8B2E-E9B4C6C6F252}.Debug|Any CPU.Build.0 = Debug|Any CPU
		{2DA7A107-C1B5-4EDE-8B2E-E9B4C6C6F252}.Release|Any CPU.ActiveCfg = Release|Any CPU
		{2DA7A107-C1B5-4EDE-8B2E-E9B4C6C6F252}.Release|Any CPU.Build.0 = Release|Any CPU
		{FAF31CA7-6639-474F-B4BF-95276D5916C8}.Debug|Any CPU.ActiveCfg = Debug|Any CPU
		{FAF31CA7-6639-474F-B4BF-95276D5916C8}.Debug|Any CPU.Build.0 = Debug|Any CPU
		{FAF31CA7-6639-474F-B4BF-95276D5916C8}.Release|Any CPU.ActiveCfg = Release|Any CPU
		{FAF31CA7-6639-474F-B4BF-95276D5916C8}.Release|Any CPU.Build.0 = Release|Any CPU
	EndGlobalSection
	GlobalSection(SolutionProperties) = preSolution
		HideSolutionNode = FALSE
	EndGlobalSection
	GlobalSection(ExtensibilityGlobals) = postSolution
		SolutionGuid = {ACD7C58F-3355-45FE-A798-67CC4610BA1E}
	EndGlobalSection
EndGlobal
